
Microsoft Visual Studio Solution File, Format Version 12.00
Project("{FAE04EC0-301F-11D3-BF4B-00C04F79EFBC}") = "TgStatisticsReferenceChat", "TgStatisticsReferenceChat\TgStatisticsReferenceChat.csproj", "{99396440-FBFB-4E15-9F9B-6EFA5F4C4B7D}"
EndProject
Project("{FAE04EC0-301F-11D3-BF4B-00C04F79EFBC}") = "Demo1", "Demo1\Demo1.csproj", "{C8E72899-FB5C-4D53-992A-B6C81E81A728}"
EndProject
Global
	GlobalSection(SolutionConfigurationPlatforms) = preSolution
		Debug|Any CPU = Debug|Any CPU
		Release|Any CPU = Release|Any CPU
	EndGlobalSection
	GlobalSection(ProjectConfigurationPlatforms) = postSolution
		{99396440-FBFB-4E15-9F9B-6EFA5F4C4B7D}.Debug|Any CPU.ActiveCfg = Debug|Any CPU
		{99396440-FBFB-4E15-9F9B-6EFA5F4C4B7D}.Debug|Any CPU.Build.0 = Debug|Any CPU
		{99396440-FBFB-4E15-9F9B-6EFA5F4C4B7D}.Release|Any CPU.ActiveCfg = Release|Any CPU
		{99396440-FBFB-4E15-9F9B-6EFA5F4C4B7D}.Release|Any CPU.Build.0 = Release|Any CPU
		{C8E72899-FB5C-4D53-992A-B6C81E81A728}.Debug|Any CPU.ActiveCfg = Debug|Any CPU
		{C8E72899-FB5C-4D53-992A-B6C81E81A728}.Debug|Any CPU.Build.0 = Debug|Any CPU
		{C8E72899-FB5C-4D53-992A-B6C81E81A728}.Release|Any CPU.ActiveCfg = Release|Any CPU
		{C8E72899-FB5C-4D53-992A-B6C81E81A728}.Release|Any CPU.Build.0 = Release|Any CPU
	EndGlobalSection
EndGlobal
